
Microsoft Visual Studio Solution File, Format Version 12.00
# Visual Studio Version 16
VisualStudioVersion = 16.0.33214.272
MinimumVisualStudioVersion = 10.0.40219.1
Project("{FAE04EC0-301F-11D3-BF4B-00C04F79EFBC}") = "Mission04_b2256", "Mission04_b2256\Mission04_b2256.csproj", "{7D7AB475-8132-4740-AC78-247CD9C6E616}"
EndProject
Global
	GlobalSection(SolutionConfigurationPlatforms) = preSolution
		Debug|Any CPU = Debug|Any CPU
		Release|Any CPU = Release|Any CPU
	EndGlobalSection
	GlobalSection(ProjectConfigurationPlatforms) = postSolution
		{7D7AB475-8132-4740-AC78-247CD9C6E616}.Debug|Any CPU.ActiveCfg = Debug|Any CPU
		{7D7AB475-8132-4740-AC78-247CD9C6E616}.Debug|Any CPU.Build.0 = Debug|Any CPU
		{7D7AB475-8132-4740-AC78-247CD9C6E616}.Release|Any CPU.ActiveCfg = Release|Any CPU
		{7D7AB475-8132-4740-AC78-247CD9C6E616}.Release|Any CPU.Build.0 = Release|Any CPU
	EndGlobalSection
	GlobalSection(SolutionProperties) = preSolution
		HideSolutionNode = FALSE
	EndGlobalSection
	GlobalSection(ExtensibilityGlobals) = postSolution
		SolutionGuid = {76436A34-AFD5-4C2E-9D65-1FA4A7D9B63A}
	EndGlobalSection
EndGlobal
